
Microsoft Visual Studio Solution File, Format Version 12.00
# Visual Studio 15
Project("{FAE04EC0-301F-11D3-BF4B-00C04F79EFBC}") = "poiesis_api", "poiesis_api\poiesis_api.csproj", "{8648D9F5-383D-4CE5-B651-7D2BD9E79E83}"
EndProject
Global
	GlobalSection(SolutionConfigurationPlatforms) = preSolution
		Debug|Any CPU = Debug|Any CPU
		Release|Any CPU = Release|Any CPU
	EndGlobalSection
	GlobalSection(ProjectConfigurationPlatforms) = postSolution
		{8648D9F5-383D-4CE5-B651-7D2BD9E79E83}.Debug|Any CPU.ActiveCfg = Debug|Any CPU
		{8648D9F5-383D-4CE5-B651-7D2BD9E79E83}.Debug|Any CPU.Build.0 = Debug|Any CPU
		{8648D9F5-383D-4CE5-B651-7D2BD9E79E83}.Release|Any CPU.ActiveCfg = Release|Any CPU
		{8648D9F5-383D-4CE5-B651-7D2BD9E79E83}.Release|Any CPU.Build.0 = Release|Any CPU
	EndGlobalSection
EndGlobal
